
Microsoft Visual Studio Solution File, Format Version 12.00
# Visual Studio Version 17
VisualStudioVersion = 17.10.35013.160
MinimumVisualStudioVersion = 10.0.40219.1
Project("{9A19103F-16F7-4668-BE54-9A1E7A4F7556}") = "Papara.Presentation", "Papara.Presentation\Papara.Presentation.csproj", "{FC7573F2-7C11-4A4C-A057-644E3168A363}"
EndProject
Project("{9A19103F-16F7-4668-BE54-9A1E7A4F7556}") = "Papara.Business", "Papara.Business\Papara.Business.csproj", "{8C2FE72A-04CD-4BE6-845C-E7FE87DC5EE9}"
EndProject
Project("{9A19103F-16F7-4668-BE54-9A1E7A4F7556}") = "Papara.Data", "Papara.Data\Papara.Data.csproj", "{C91CCF76-B9C6-4AF9-BCB9-601FE7FBC7BA}"
EndProject
Global
	GlobalSection(SolutionConfigurationPlatforms) = preSolution
		Debug|Any CPU = Debug|Any CPU
		Release|Any CPU = Release|Any CPU
	EndGlobalSection
	GlobalSection(ProjectConfigurationPlatforms) = postSolution
		{FC7573F2-7C11-4A4C-A057-644E3168A363}.Debug|Any CPU.ActiveCfg = Debug|Any CPU
		{FC7573F2-7C11-4A4C-A057-644E3168A363}.Debug|Any CPU.Build.0 = Debug|Any CPU
		{FC7573F2-7C11-4A4C-A057-644E3168A363}.Release|Any CPU.ActiveCfg = Release|Any CPU
		{FC7573F2-7C11-4A4C-A057-644E3168A363}.Release|Any CPU.Build.0 = Release|Any CPU
		{8C2FE72A-04CD-4BE6-845C-E7FE87DC5EE9}.Debug|Any CPU.ActiveCfg = Debug|Any CPU
		{8C2FE72A-04CD-4BE6-845C-E7FE87DC5EE9}.Debug|Any CPU.Build.0 = Debug|Any CPU
		{8C2FE72A-04CD-4BE6-845C-E7FE87DC5EE9}.Release|Any CPU.ActiveCfg = Release|Any CPU
		{8C2FE72A-04CD-4BE6-845C-E7FE87DC5EE9}.Release|Any CPU.Build.0 = Release|Any CPU
		{C91CCF76-B9C6-4AF9-BCB9-601FE7FBC7BA}.Debug|Any CPU.ActiveCfg = Debug|Any CPU
		{C91CCF76-B9C6-4AF9-BCB9-601FE7FBC7BA}.Debug|Any CPU.Build.0 = Debug|Any CPU
		{C91CCF76-B9C6-4AF9-BCB9-601FE7FBC7BA}.Release|Any CPU.ActiveCfg = Release|Any CPU
		{C91CCF76-B9C6-4AF9-BCB9-601FE7FBC7BA}.Release|Any CPU.Build.0 = Release|Any CPU
	EndGlobalSection
	GlobalSection(SolutionProperties) = preSolution
		HideSolutionNode = FALSE
	EndGlobalSection
	GlobalSection(ExtensibilityGlobals) = postSolution
		SolutionGuid = {95F1BB16-74B1-4DCE-ABA0-9F317EB9D5C7}
	EndGlobalSection
EndGlobal
